
Microsoft Visual Studio Solution File, Format Version 12.00
# Visual Studio 15
VisualStudioVersion = 15.0.27130.2003
MinimumVisualStudioVersion = 10.0.40219.1
Project("{8BC9CEB8-8B4A-11D0-8D11-00A0C91BC942}") = "flappy bird", "flappy bird.vcxproj", "{783E4E30-7589-43C4-B126-F6E55D7FA3A3}"
EndProject
Global
	GlobalSection(SolutionConfigurationPlatforms) = preSolution
		Debug|x64 = Debug|x64
		Debug|x86 = Debug|x86
		Release|x64 = Release|x64
		Release|x86 = Release|x86
	EndGlobalSection
	GlobalSection(ProjectConfigurationPlatforms) = postSolution
		{783E4E30-7589-43C4-B126-F6E55D7FA3A3}.Debug|x64.ActiveCfg = Debug|x64
		{783E4E30-7589-43C4-B126-F6E55D7FA3A3}.Debug|x64.Build.0 = Debug|x64
		{783E4E30-7589-43C4-B126-F6E55D7FA3A3}.Debug|x86.ActiveCfg = Debug|Win32
		{783E4E30-7589-43C4-B126-F6E55D7FA3A3}.Debug|x86.Build.0 = Debug|Win32
		{783E4E30-7589-43C4-B126-F6E55D7FA3A3}.Release|x64.ActiveCfg = Release|x64
		{783E4E30-7589-43C4-B126-F6E55D7FA3A3}.Release|x64.Build.0 = Release|x64
		{783E4E30-7589-43C4-B126-F6E55D7FA3A3}.Release|x86.ActiveCfg = Release|Win32
		{783E4E30-7589-43C4-B126-F6E55D7FA3A3}.Release|x86.Build.0 = Release|Win32
	EndGlobalSection
	GlobalSection(SolutionProperties) = preSolution
		HideSolutionNode = FALSE
	EndGlobalSection
	GlobalSection(ExtensibilityGlobals) = postSolution
		SolutionGuid = {25668005-75B4-496C-8DF2-54381DC82ADA}
	EndGlobalSection
EndGlobal
